github.com/Acconut/go-httptest-recorder v1.0.0 h1:TAv2dfnqp/l+SUvIaMAUK4GeN4+wqb6KZsFFFTGhoJg=
github.com/Acconut/go-httptest-recorder v1.0.0/go.mod h1:CwQyhTH1kq/gLyWiRieo7c0uokpu3PXeyF/nZjUNtmM=
github.com/golang/mock v1.6.0 h1:ErTB+efbowRARo13NNdxyJji2egdxLGQhRaY+DUumQc=
github.com/golang/mock v1.6.0/go.mod h1:p6yTPP+5HYm5mzsMV8JkE6ZKdX+/wYM6Hr+LicevLPs=
github.com/stretchr/testify v1.12.1 h1:EuwCh5fleGS7H32xRwO3wRGT7DxrDhLAT6FF8MpWDWE=
github.com/stretchr/testify v1.12.1/go.mod h1:MDEgiDPPsNp5cuIrHPPCyornHKgEVbtFUmoNlxoYthg=
github.com/tus/lockfile v1.2.0 h1:92dMoNyeb5zaNi8eQ79WLqt/npUWUFkaM5ZM9kOMIDM=
github.com/tus/lockfile v1.2.0/go.mod h1:JyfWCHNyfd7eGxudGohrkt38kuKRki6L0JH82p2e+mc=
github.com/tus/tusd/v2 v2.10.1 h1:hO312j4rT0unhaF4Ga7izNaYGbPOKI2kVIXbKgtv1W8=
github.com/tus/tusd/v2 v2.10.1/go.mod h1:33RsdwtbXdqb3esrge+95TT7XUHl45uSO1vvA96fNbc=
go.yaml.in/yaml/v3 v3.0.5 h1:N6y/pJk8buWs9NY5ERU2HSMfm+IuD/OtfdAnq6kESPw=
go.yaml.in/yaml/v3 v3.0.5/go.mod h1:HVTZu1O7/Vkt2N+BFy8Zza+lnLsABggaTM2ZpNIGuKg=
golang.org/x/exp v0.0.0-20260611194520-c48552f49976 h1:X8Hz2ImujgbmetVuW+w2YkyZChE3cBpZi2P158rTG9M=
golang.org/x/exp v0.0.0-20260611194520-c48552f49976/go.mod h1:vnf4pv9iKZXY58sQE1L86zmNWJ4159e1RkcWiLCkeEY=
golang.org/x/net v0.58.0 h1:ynWG7rqYi4ccpTEuPZ2QGWHktVEM9DMCj9yzDE0Q7To=
golang.org/x/net v0.58.0/go.mod h1:YwCddHnFlT7eLQqVprV19OnhLGtc5xOKgE0RyqgfWAU=
golang.org/x/text v0.41.0 h1:vz/seA0lnX87Othu2f/0L24RcgrXD9/YFTSuGjj3rH8=
golang.org/x/text v0.41.0/go.mod h1:jvf1O8ajNzZqhSrQBPbutR/EB83Cc0CFrezNQIwbb5M=
